// !$*UTF8*$!
{
	archiveVersion = 1;
	classes = {
	};
	objectVersion = 55;
	objects = {

/* Begin PBXBuildFile section */
		DAB554EF27A8CCB80002F471 /* AppDelegate.swift in Sources */ = {isa = PBXBuildFile; fileRef = DAB554EE27A8CCB80002F471 /* AppDelegate.swift */; };
		DAB554F127A8CCB80002F471 /* SceneDelegate.swift in Sources */ = {isa = PBXBuildFile; fileRef = DAB554F027A8CCB80002F471 /* SceneDelegate.swift */; };
		DAB554F327A8CCB80002F471 /* ViewController.swift in Sources */ = {isa = PBXBuildFile; fileRef = DAB554F227A8CCB80002F471 /* ViewController.swift */; };
		DAB554F627A8CCB80002F471 /* Main.storyboard in Resources */ = {isa = PBXBuildFile; fileRef = DAB554F427A8CCB80002F471 /* Main.storyboard */; };
		DAB554F827A8CCB90002F471 /* Assets.xcassets in Resources */ = {isa = PBXBuildFile; fileRef = DAB554F727A8CCB90002F471 /* Assets.xcassets */; };
		DAB554FB27A8CCB90002F471 /* LaunchScreen.storyboard in Resources */ = {isa = PBXBuildFile; fileRef = DAB554F927A8CCB90002F471 /* LaunchScreen.storyboard */; };
		DAB5550627A8CCB90002F471 /* Chapter3_10Tests.swift in Sources */ = {isa = PBXBuildFile; fileRef = DAB5550527A8CCB90002F471 /* Chapter3_10Tests.swift */; };
		DAB5551027A8CCB90002F471 /* Chapter3_10UITests.swift in Sources */ = {isa = PBXBuildFile; fileRef = DAB5550F27A8CCB90002F471 /* Chapter3_10UITests.swift */; };
		DAB5551227A8CCB90002F471 /* Chapter3_10UITestsLaunchTests.swift in Sources */ = {isa = PBXBuildFile; fileRef = DAB5551127A8CCB90002F471 /* Chapter3_10UITestsLaunchTests.swift */; };
		DAB5551F27A8CCDA0002F471 /* GitHubRepository.swift in Sources */ = {isa = PBXBuildFile; fileRef = DAB5551E27A8CCDA0002F471 /* GitHubRepository.swift */; };
		DAB5552127A8CCE40002F471 /* GitHubAPIClient.swift in Sources */ = {isa = PBXBuildFile; fileRef = DAB5552027A8CCE40002F471 /* GitHubAPIClient.swift */; };
		DAB5552327A8CCEB0002F471 /* GitHubRepositoryManager.swift in Sources */ = {isa = PBXBuildFile; fileRef = DAB5552227A8CCEB0002F471 /* GitHubRepositoryManager.swift */; };
		DAB5552527A8D19B0002F471 /* GitHubAPIClientProtocol.swift in Sources */ = {isa = PBXBuildFile; fileRef = DAB5552427A8D19B0002F471 /* GitHubAPIClientProtocol.swift */; };
		DAB5552727A8D22E0002F471 /* GitHubRepositoryManagerTests.swift in Sources */ = {isa = PBXBuildFile; fileRef = DAB5552627A8D22E0002F471 /* GitHubRepositoryManagerTests.swift */; };
		DAB5552927A8D3CB0002F471 /* MockGitHubAPIClient.swift in Sources */ = {isa = PBXBuildFile; fileRef = DAB5552827A8D3CB0002F471 /* MockGitHubAPIClient.swift */; };
/* End PBXBuildFile section */

/* Begin PBXContainerItemProxy section */
		DAB5550227A8CCB90002F471 /* PBXContainerItemProxy */ = {
			isa = PBXContainerItemProxy;
			containerPortal = DAB554E327A8CCB80002F471 /* Project object */;
			proxyType = 1;
			remoteGlobalIDString = DAB554EA27A8CCB80002F471;
			remoteInfo = Chapter3_10;
		};
		DAB5550C27A8CCB90002F471 /* PBXContainerItemProxy */ = {
			isa = PBXContainerItemProxy;
			containerPortal = DAB554E327A8CCB80002F471 /* Project object */;
			proxyType = 1;
			remoteGlobalIDString = DAB554EA27A8CCB80002F471;
			remoteInfo = Chapter3_10;
		};
/* End PBXContainerItemProxy section */

/* Begin PBXFileReference section */
		DAB554EB27A8CCB80002F471 /* Chapter3_10.app */ = {isa = PBXFileReference; explicitFileType = wrapper.application; includeInIndex = 0; path = Chapter3_10.app; sourceTree = BUILT_PRODUCTS_DIR; };
		DAB554EE27A8CCB80002F471 /* AppDelegate.swift */ = {isa = PBXFileReference; lastKnownFileType = sourcecode.swift; path = AppDelegate.swift; sourceTree = "<group>"; };
		DAB554F027A8CCB80002F471 /* SceneDelegate.swift */ = {isa = PBXFileReference; lastKnownFileType = sourcecode.swift; path = SceneDelegate.swift; sourceTree = "<group>"; };
		DAB554F227A8CCB80002F471 /* ViewController.swift */ = {isa = PBXFileReference; lastKnownFileType = sourcecode.swift; path = ViewController.swift; sourceTree = "<group>"; };
		DAB554F527A8CCB80002F471 /* Base */ = {isa = PBXFileReference; lastKnownFileType = file.storyboard; name = Base; path = Base.lproj/Main.storyboard; sourceTree = "<group>"; };
		DAB554F727A8CCB90002F471 /* Assets.xcassets */ = {isa = PBXFileReference; lastKnownFileType = folder.assetcatalog; path = Assets.xcassets; sourceTree = "<group>"; };
		DAB554FA27A8CCB90002F471 /* Base */ = {isa = PBXFileReference; lastKnownFileType = file.storyboard; name = Base; path = Base.lproj/LaunchScreen.storyboard; sourceTree = "<group>"; };
		DAB554FC27A8CCB90002F471 /* Info.plist */ = {isa = PBXFileReference; lastKnownFileType = text.plist.xml; path = Info.plist; sourceTree = "<group>"; };
		DAB5550127A8CCB90002F471 /* Chapter3_10Tests.xctest */ = {isa = PBXFileReference; explicitFileType = wrapper.cfbundle; includeInIndex = 0; path = Chapter3_10Tests.xctest; sourceTree = BUILT_PRODUCTS_DIR; };
		DAB5550527A8CCB90002F471 /* Chapter3_10Tests.swift */ = {isa = PBXFileReference; lastKnownFileType = sourcecode.swift; path = Chapter3_10Tests.swift; sourceTree = "<group>"; };
		DAB5550B27A8CCB90002F471 /* Chapter3_10UITests.xctest */ = {isa = PBXFileReference; explicitFileType = wrapper.cfbundle; includeInIndex = 0; path = Chapter3_10UITests.xctest; sourceTree = BUILT_PRODUCTS_DIR; };
		DAB5550F27A8CCB90002F471 /* Chapter3_10UITests.swift */ = {isa = PBXFileReference; lastKnownFileType = sourcecode.swift; path = Chapter3_10UITests.swift; sourceTree = "<group>"; };
		DAB5551127A8CCB90002F471 /* Chapter3_10UITestsLaunchTests.swift */ = {isa = PBXFileReference; lastKnownFileType = sourcecode.swift; path = Chapter3_10UITestsLaunchTests.swift; sourceTree = "<group>"; };
		DAB5551E27A8CCDA0002F471 /* GitHubRepository.swift */ = {isa = PBXFileReference; lastKnownFileType = sourcecode.swift; path = GitHubRepository.swift; sourceTree = "<group>"; };
		DAB5552027A8CCE40002F471 /* GitHubAPIClient.swift */ = {isa = PBXFileReference; lastKnownFileType = sourcecode.swift; path = GitHubAPIClient.swift; sourceTree = "<group>"; };
		DAB5552227A8CCEB0002F471 /* GitHubRepositoryManager.swift */ = {isa = PBXFileReference; lastKnownFileType = sourcecode.swift; path = GitHubRepositoryManager.swift; sourceTree = "<group>"; };
		DAB5552427A8D19B0002F471 /* GitHubAPIClientProtocol.swift */ = {isa = PBXFileReference; lastKnownFileType = sourcecode.swift; path = GitHubAPIClientProtocol.swift; sourceTree = "<group>"; };
		DAB5552627A8D22E0002F471 /* GitHubRepositoryManagerTests.swift */ = {isa = PBXFileReference; lastKnownFileType = sourcecode.swift; path = GitHubRepositoryManagerTests.swift; sourceTree = "<group>"; };
		DAB5552827A8D3CB0002F471 /* MockGitHubAPIClient.swift */ = {isa = PBXFileReference; lastKnownFileType = sourcecode.swift; path = MockGitHubAPIClient.swift; sourceTree = "<group>"; };
/* End PBXFileReference section */

/* Begin PBXFrameworksBuildPhase section */
		DAB554E827A8CCB80002F471 /* Frameworks */ = {
			isa = PBXFrameworksBuildPhase;
			buildActionMask = 2147483647;
			files = (
			);
			runOnlyForDeploymentPostprocessing = 0;
		};
		DAB554FE27A8CCB90002F471 /* Frameworks */ = {
			isa = PBXFrameworksBuildPhase;
			buildActionMask = 2147483647;
			files = (
			);
			runOnlyForDeploymentPostprocessing = 0;
		};
		DAB5550827A8CCB90002F471 /* Frameworks */ = {
			isa = PBXFrameworksBuildPhase;
			buildActionMask = 2147483647;
			files = (
			);
			runOnlyForDeploymentPostprocessing = 0;
		};
/* End PBXFrameworksBuildPhase section */

/* Begin PBXGroup section */
		DAB554E227A8CCB80002F471 = {
			isa = PBXGroup;
			children = (
				DAB554ED27A8CCB80002F471 /* Chapter3_10 */,
				DAB5550427A8CCB90002F471 /* Chapter3_10Tests */,
				DAB5550E27A8CCB90002F471 /* Chapter3_10UITests */,
				DAB554EC27A8CCB80002F471 /* Products */,
			);
			sourceTree = "<group>";
		};
		DAB554EC27A8CCB80002F471 /* Products */ = {
			isa = PBXGroup;
			children = (
				DAB554EB27A8CCB80002F471 /* Chapter3_10.app */,
				DAB5550127A8CCB90002F471 /* Chapter3_10Tests.xctest */,
				DAB5550B27A8CCB90002F471 /* Chapter3_10UITests.xctest */,
			);
			name = Products;
			sourceTree = "<group>";
		};
		DAB554ED27A8CCB80002F471 /* Chapter3_10 */ = {
			isa = PBXGroup;
			children = (
				DAB554EE27A8CCB80002F471 /* AppDelegate.swift */,
				DAB554F027A8CCB80002F471 /* SceneDelegate.swift */,
				DAB554F227A8CCB80002F471 /* ViewController.swift */,
				DAB5551E27A8CCDA0002F471 /* GitHubRepository.swift */,
				DAB5552427A8D19B0002F471 /* GitHubAPIClientProtocol.swift */,
				DAB5552027A8CCE40002F471 /* GitHubAPIClient.swift */,
				DAB5552227A8CCEB0002F471 /* GitHubRepositoryManager.swift */,
				DAB554F427A8CCB80002F471 /* Main.storyboard */,
				DAB554F727A8CCB90002F471 /* Assets.xcassets */,
				DAB554F927A8CCB90002F471 /* LaunchScreen.storyboard */,
				DAB554FC27A8CCB90002F471 /* Info.plist */,
			);
			path = Chapter3_10;
			sourceTree = "<group>";
		};
		DAB5550427A8CCB90002F471 /* Chapter3_10Tests */ = {
			isa = PBXGroup;
			children = (
				DAB5550527A8CCB90002F471 /* Chapter3_10Tests.swift */,
				DAB5552827A8D3CB0002F471 /* MockGitHubAPIClient.swift */,
				DAB5552627A8D22E0002F471 /* GitHubRepositoryManagerTests.swift */,
			);
			path = Chapter3_10Tests;
			sourceTree = "<group>";
		};
		DAB5550E27A8CCB90002F471 /* Chapter3_10UITests */ = {
			isa = PBXGroup;
			children = (
				DAB5550F27A8CCB90002F471 /* Chapter3_10UITests.swift */,
				DAB5551127A8CCB90002F471 /* Chapter3_10UITestsLaunchTests.swift */,
			);
			path = Chapter3_10UITests;
			sourceTree = "<group>";
		};
/* End PBXGroup section */

/* Begin PBXNativeTarget section */
		DAB554EA27A8CCB80002F471 /* Chapter3_10 */ = {
			isa = PBXNativeTarget;
			buildConfigurationList = DAB5551527A8CCB90002F471 /* Build configuration list for PBXNativeTarget "Chapter3_10" */;
			buildPhases = (
				DAB554E727A8CCB80002F471 /* Sources */,
				DAB554E827A8CCB80002F471 /* Frameworks */,
				DAB554E927A8CCB80002F471 /* Resources */,
			);
			buildRules = (
			);
			dependencies = (
			);
			name = Chapter3_10;
			productName = Chapter3_10;
			productReference = DAB554EB27A8CCB80002F471 /* Chapter3_10.app */;
			productType = "com.apple.product-type.application";
		};
		DAB5550027A8CCB90002F471 /* Chapter3_10Tests */ = {
			isa = PBXNativeTarget;
			buildConfigurationList = DAB5551827A8CCB90002F471 /* Build configuration list for PBXNativeTarget "Chapter3_10Tests" */;
			buildPhases = (
				DAB554FD27A8CCB90002F471 /* Sources */,
				DAB554FE27A8CCB90002F471 /* Frameworks */,
				DAB554FF27A8CCB90002F471 /* Resources */,
			);
			buildRules = (
			);
			dependencies = (
				DAB5550327A8CCB90002F471 /* PBXTargetDependency */,
			);
			name = Chapter3_10Tests;
			productName = Chapter3_10Tests;
			productReference = DAB5550127A8CCB90002F471 /* Chapter3_10Tests.xctest */;
			productType = "com.apple.product-type.bundle.unit-test";
		};
		DAB5550A27A8CCB90002F471 /* Chapter3_10UITests */ = {
			isa = PBXNativeTarget;
			buildConfigurationList = DAB5551B27A8CCB90002F471 /* Build configuration list for PBXNativeTarget "Chapter3_10UITests" */;
			buildPhases = (
				DAB5550727A8CCB90002F471 /* Sources */,
				DAB5550827A8CCB90002F471 /* Frameworks */,
				DAB5550927A8CCB90002F471 /* Resources */,
			);
			buildRules = (
			);
			dependencies = (
				DAB5550D27A8CCB90002F471 /* PBXTargetDependency */,
			);
			name = Chapter3_10UITests;
			productName = Chapter3_10UITests;
			productReference = DAB5550B27A8CCB90002F471 /* Chapter3_10UITests.xctest */;
			productType = "com.apple.product-type.bundle.ui-testing";
		};
/* End PBXNativeTarget section */

/* Begin PBXProject section */
		DAB554E327A8CCB80002F471 /* Project object */ = {
			isa = PBXProject;
			attributes = {
				BuildIndependentTargetsInParallel = 1;
				LastSwiftUpdateCheck = 1320;
				LastUpgradeCheck = 1320;
				TargetAttributes = {
					DAB554EA27A8CCB80002F471 = {
						CreatedOnToolsVersion = 13.2.1;
					};
					DAB5550027A8CCB90002F471 = {
						CreatedOnToolsVersion = 13.2.1;
						TestTargetID = DAB554EA27A8CCB80002F471;
					};
					DAB5550A27A8CCB90002F471 = {
						CreatedOnToolsVersion = 13.2.1;
						TestTargetID = DAB554EA27A8CCB80002F471;
					};
				};
			};
			buildConfigurationList = DAB554E627A8CCB80002F471 /* Build configuration list for PBXProject "Chapter3_10" */;
			compatibilityVersion = "Xcode 13.0";
			developmentRegion = en;
			hasScannedForEncodings = 0;
			knownRegions = (
				en,
				Base,
			);
			mainGroup = DAB554E227A8CCB80002F471;
			productRefGroup = DAB554EC27A8CCB80002F471 /* Products */;
			projectDirPath = "";
			projectRoot = "";
			targets = (
				DAB554EA27A8CCB80002F471 /* Chapter3_10 */,
				DAB5550027A8CCB90002F471 /* Chapter3_10Tests */,
				DAB5550A27A8CCB90002F471 /* Chapter3_10UITests */,
			);
		};
/* End PBXProject section */

/* Begin PBXResourcesBuildPhase section */
		DAB554E927A8CCB80002F471 /* Resources */ = {
			isa = PBXResourcesBuildPhase;
			buildActionMask = 2147483647;
			files = (
				DAB554FB27A8CCB90002F471 /* LaunchScreen.storyboard in Resources */,
				DAB554F827A8CCB90002F471 /* Assets.xcassets in Resources */,
				DAB554F627A8CCB80002F471 /* Main.storyboard in Resources */,
			);
			runOnlyForDeploymentPostprocessing = 0;
		};
		DAB554FF27A8CCB90002F471 /* Resources */ = {
			isa = PBXResourcesBuildPhase;
			buildActionMask = 2147483647;
			files = (
			);
			runOnlyForDeploymentPostprocessing = 0;
		};
		DAB5550927A8CCB90002F471 /* Resources */ = {
			isa = PBXResourcesBuildPhase;
			buildActionMask = 2147483647;
			files = (
			);
			runOnlyForDeploymentPostprocessing = 0;
		};
/* End PBXResourcesBuildPhase section */

/* Begin PBXSourcesBuildPhase section */
		DAB554E727A8CCB80002F471 /* Sources */ = {
			isa = PBXSourcesBuildPhase;
			buildActionMask = 2147483647;
			files = (
				DAB5552127A8CCE40002F471 /* GitHubAPIClient.swift in Sources */,
				DAB5551F27A8CCDA0002F471 /* GitHubRepository.swift in Sources */,
				DAB554F327A8CCB80002F471 /* ViewController.swift in Sources */,
				DAB554EF27A8CCB80002F471 /* AppDelegate.swift in Sources */,
				DAB5552327A8CCEB0002F471 /* GitHubRepositoryManager.swift in Sources */,
				DAB5552527A8D19B0002F471 /* GitHubAPIClientProtocol.swift in Sources */,
				DAB554F127A8CCB80002F471 /* SceneDelegate.swift in Sources */,
			);
			runOnlyForDeploymentPostprocessing = 0;
		};
		DAB554FD27A8CCB90002F471 /* Sources */ = {
			isa = PBXSourcesBuildPhase;
			buildActionMask = 2147483647;
			files = (
				DAB5552927A8D3CB0002F471 /* MockGitHubAPIClient.swift in Sources */,
				DAB5552727A8D22E0002F471 /* GitHubRepositoryManagerTests.swift in Sources */,
				DAB5550627A8CCB90002F471 /* Chapter3_10Tests.swift in Sources */,
			);
			runOnlyForDeploymentPostprocessing = 0;
		};
		DAB5550727A8CCB90002F471 /* Sources */ = {
			isa = PBXSourcesBuildPhase;
			buildActionMask = 2147483647;
			files = (
				DAB5551027A8CCB90002F471 /* Chapter3_10UITests.swift in Sources */,
				DAB5551227A8CCB90002F471 /* Chapter3_10UITestsLaunchTests.swift in Sources */,
			);
			runOnlyForDeploymentPostprocessing = 0;
		};
/* End PBXSourcesBuildPhase section */

/* Begin PBXTargetDependency section */
		DAB5550327A8CCB90002F471 /* PBXTargetDependency */ = {
			isa = PBXTargetDependency;
			target = DAB554EA27A8CCB80002F471 /* Chapter3_10 */;
			targetProxy = DAB5550227A8CCB90002F471 /* PBXContainerItemProxy */;
		};
		DAB5550D27A8CCB90002F471 /* PBXTargetDependency */ = {
			isa = PBXTargetDependency;
			target = DAB554EA27A8CCB80002F471 /* Chapter3_10 */;
			targetProxy = DAB5550C27A8CCB90002F471 /* PBXContainerItemProxy */;
		};
/* End PBXTargetDependency section */

/* Begin PBXVariantGroup section */
		DAB554F427A8CCB80002F471 /* Main.storyboard */ = {
			isa = PBXVariantGroup;
			children = (
				DAB554F527A8CCB80002F471 /* Base */,
			);
			name = Main.storyboard;
			sourceTree = "<group>";
		};
		DAB554F927A8CCB90002F471 /* LaunchScreen.storyboard */ = {
			isa = PBXVariantGroup;
			children = (
				DAB554FA27A8CCB90002F471 /* Base */,
			);
			name = LaunchScreen.storyboard;
			sourceTree = "<group>";
		};
/* End PBXVariantGroup section */

/* Begin XCBuildConfiguration section */
		DAB5551327A8CCB90002F471 /* Debug */ = {
			isa = XCBuildConfiguration;
			buildSettings = {
				ALWAYS_SEARCH_USER_PATHS = NO;
				CLANG_ANALYZER_NONNULL = YES;
				CLANG_ANALYZER_NUMBER_OBJECT_CONVERSION = YES_AGGRESSIVE;
				CLANG_CXX_LANGUAGE_STANDARD = "gnu++17";
				CLANG_CXX_LIBRARY = "libc++";
				CLANG_ENABLE_MODULES = YES;
				CLANG_ENABLE_OBJC_ARC = YES;
				CLANG_ENABLE_OBJC_WEAK = YES;
				CLANG_WARN_BLOCK_CAPTURE_AUTORELEASING = YES;
				CLANG_WARN_BOOL_CONVERSION = YES;
				CLANG_WARN_COMMA = YES;
				CLANG_WARN_CONSTANT_CONVERSION = YES;
				CLANG_WARN_DEPRECATED_OBJC_IMPLEMENTATIONS = YES;
				CLANG_WARN_DIRECT_OBJC_ISA_USAGE = YES_ERROR;
				CLANG_WARN_DOCUMENTATION_COMMENTS = YES;
				CLANG_WARN_EMPTY_BODY = YES;
				CLANG_WARN_ENUM_CONVERSION = YES;
				CLANG_WARN_INFINITE_RECURSION = YES;
				CLANG_WARN_INT_CONVERSION = YES;
				CLANG_WARN_NON_LITERAL_NULL_CONVERSION = YES;
				CLANG_WARN_OBJC_IMPLICIT_RETAIN_SELF = YES;
				CLANG_WARN_OBJC_LITERAL_CONVERSION = YES;
				CLANG_WARN_OBJC_ROOT_CLASS = YES_ERROR;
				CLANG_WARN_QUOTED_INCLUDE_IN_FRAMEWORK_HEADER = YES;
				CLANG_WARN_RANGE_LOOP_ANALYSIS = YES;
				CLANG_WARN_STRICT_PROTOTYPES = YES;
				CLANG_WARN_SUSPICIOUS_MOVE = YES;
				CLANG_WARN_UNGUARDED_AVAILABILITY = YES_AGGRESSIVE;
				CLANG_WARN_UNREACHABLE_CODE = YES;
				CLANG_WARN__DUPLICATE_METHOD_MATCH = YES;
				COPY_PHASE_STRIP = NO;
				DEBUG_INFORMATION_FORMAT = dwarf;
				ENABLE_STRICT_OBJC_MSGSEND = YES;
				ENABLE_TESTABILITY = YES;
				GCC_C_LANGUAGE_STANDARD = gnu11;
				GCC_DYNAMIC_NO_PIC = NO;
				GCC_NO_COMMON_BLOCKS = YES;
				GCC_OPTIMIZATION_LEVEL = 0;
				GCC_PREPROCESSOR_DEFINITIONS = (
					"DEBUG=1",
					"$(inherited)",
				);
				GCC_WARN_64_TO_32_BIT_CONVERSION = YES;
				GCC_WARN_ABOUT_RETURN_TYPE = YES_ERROR;
				GCC_WARN_UNDECLARED_SELECTOR = YES;
				GCC_WARN_UNINITIALIZED_AUTOS = YES_AGGRESSIVE;
				GCC_WARN_UNUSED_FUNCTION = YES;
				GCC_WARN_UNUSED_VARIABLE = YES;
				IPHONEOS_DEPLOYMENT_TARGET = 15.2;
				MTL_ENABLE_DEBUG_INFO = INCLUDE_SOURCE;
				MTL_FAST_MATH = YES;
				ONLY_ACTIVE_ARCH = YES;
				SDKROOT = iphoneos;
				SWIFT_ACTIVE_COMPILATION_CONDITIONS = DEBUG;
				SWIFT_OPTIMIZATION_LEVEL = "-Onone";
			};
			name = Debug;
		};
		DAB5551427A8CCB90002F471 /* Release */ = {
			isa = XCBuildConfiguration;
			buildSettings = {
				ALWAYS_SEARCH_USER_PATHS = NO;
				CLANG_ANALYZER_NONNULL = YES;
				CLANG_ANALYZER_NUMBER_OBJECT_CONVERSION = YES_AGGRESSIVE;
				CLANG_CXX_LANGUAGE_STANDARD = "gnu++17";
				CLANG_CXX_LIBRARY = "libc++";
				CLANG_ENABLE_MODULES = YES;
				CLANG_ENABLE_OBJC_ARC = YES;
				CLANG_ENABLE_OBJC_WEAK = YES;
				CLANG_WARN_BLOCK_CAPTURE_AUTORELEASING = YES;
				CLANG_WARN_BOOL_CONVERSION = YES;
				CLANG_WARN_COMMA = YES;
				CLANG_WARN_CONSTANT_CONVERSION = YES;
				CLANG_WARN_DEPRECATED_OBJC_IMPLEMENTATIONS = YES;
				CLANG_WARN_DIRECT_OBJC_ISA_USAGE = YES_ERROR;
				CLANG_WARN_DOCUMENTATION_COMMENTS = YES;
				CLANG_WARN_EMPTY_BODY = YES;
				CLANG_WARN_ENUM_CONVERSION = YES;
				CLANG_WARN_INFINITE_RECURSION = YES;
				CLANG_WARN_INT_CONVERSION = YES;
				CLANG_WARN_NON_LITERAL_NULL_CONVERSION = YES;
				CLANG_WARN_OBJC_IMPLICIT_RETAIN_SELF = YES;
				CLANG_WARN_OBJC_LITERAL_CONVERSION = YES;
				CLANG_WARN_OBJC_ROOT_CLASS = YES_ERROR;
				CLANG_WARN_QUOTED_INCLUDE_IN_FRAMEWORK_HEADER = YES;
				CLANG_WARN_RANGE_LOOP_ANALYSIS = YES;
				CLANG_WARN_STRICT_PROTOTYPES = YES;
				CLANG_WARN_SUSPICIOUS_MOVE = YES;
				CLANG_WARN_UNGUARDED_AVAILABILITY = YES_AGGRESSIVE;
				CLANG_WARN_UNREACHABLE_CODE = YES;
				CLANG_WARN__DUPLICATE_METHOD_MATCH = YES;
				COPY_PHASE_STRIP = NO;
				DEBUG_INFORMATION_FORMAT = "dwarf-with-dsym";
				ENABLE_NS_ASSERTIONS = NO;
				ENABLE_STRICT_OBJC_MSGSEND = YES;
				GCC_C_LANGUAGE_STANDARD = gnu11;
				GCC_NO_COMMON_BLOCKS = YES;
				GCC_WARN_64_TO_32_BIT_CONVERSION = YES;
				GCC_WARN_ABOUT_RETURN_TYPE = YES_ERROR;
				GCC_WARN_UNDECLARED_SELECTOR = YES;
				GCC_WARN_UNINITIALIZED_AUTOS = YES_AGGRESSIVE;
				GCC_WARN_UNUSED_FUNCTION = YES;
				GCC_WARN_UNUSED_VARIABLE = YES;
				IPHONEOS_DEPLOYMENT_TARGET = 15.2;
				MTL_ENABLE_DEBUG_INFO = NO;
				MTL_FAST_MATH = YES;
				SDKROOT = iphoneos;
				SWIFT_COMPILATION_MODE = wholemodule;
				SWIFT_OPTIMIZATION_LEVEL = "-O";
				VALIDATE_PRODUCT = YES;
			};
			name = Release;
		};
		DAB5551627A8CCB90002F471 /* Debug */ = {
			isa = XCBuildConfiguration;
			buildSettings = {
				ASSETCATALOG_COMPILER_APPICON_NAME = AppIcon;
				ASSETCATALOG_COMPILER_GLOBAL_ACCENT_COLOR_NAME = AccentColor;
				CODE_SIGN_STYLE = Automatic;
				CURRENT_PROJECT_VERSION = 1;
				DEVELOPMENT_TEAM = BWMJMJK727;
				GENERATE_INFOPLIST_FILE = YES;
				INFOPLIST_FILE = Chapter3_10/Info.plist;
				INFOPLIST_KEY_UIApplicationSupportsIndirectInputEvents = YES;
				INFOPLIST_KEY_UILaunchStoryboardName = LaunchScreen;
				INFOPLIST_KEY_UIMainStoryboardFile = Main;
				INFOPLIST_KEY_UISupportedInterfaceOrientations_iPad = "UIInterfaceOrientationPortrait UIInterfaceOrientationPortraitUpsideDown UIInterfaceOrientationLandscapeLeft UIInterfaceOrientationLandscapeRight";
				INFOPLIST_KEY_UISupportedInterfaceOrientations_iPhone = "UIInterfaceOrientationPortrait UIInterfaceOrientationLandscapeLeft UIInterfaceOrientationLandscapeRight";
				LD_RUNPATH_SEARCH_PATHS = (
					"$(inherited)",
					"@executable_path/Frameworks",
				);
				MARKETING_VERSION = 1.0;
				PRODUCT_BUNDLE_IDENTIFIER = "com.gmail.ikeh1024.Chapter3-10";
				PRODUCT_NAME = "$(TARGET_NAME)";
				SWIFT_EMIT_LOC_STRINGS = YES;
				SWIFT_VERSION = 5.0;
				TARGETED_DEVICE_FAMILY = "1,2";
			};
			name = Debug;
		};
		DAB5551727A8CCB90002F471 /* Release */ = {
			isa = XCBuildConfiguration;
			buildSettings = {
				ASSETCATALOG_COMPILER_APPICON_NAME = AppIcon;
				ASSETCATALOG_COMPILER_GLOBAL_ACCENT_COLOR_NAME = AccentColor;
				CODE_SIGN_STYLE = Automatic;
				CURRENT_PROJECT_VERSION = 1;
				DEVELOPMENT_TEAM = BWMJMJK727;
				GENERATE_INFOPLIST_FILE = YES;
				INFOPLIST_FILE = Chapter3_10/Info.plist;
				INFOPLIST_KEY_UIApplicationSupportsIndirectInputEvents = YES;
				INFOPLIST_KEY_UILaunchStoryboardName = LaunchScreen;
				INFOPLIST_KEY_UIMainStoryboardFile = Main;
				INFOPLIST_KEY_UISupportedInterfaceOrientations_iPad = "UIInterfaceOrientationPortrait UIInterfaceOrientationPortraitUpsideDown UIInterfaceOrientationLandscapeLeft UIInterfaceOrientationLandscapeRight";
				INFOPLIST_KEY_UISupportedInterfaceOrientations_iPhone = "UIInterfaceOrientationPortrait UIInterfaceOrientationLandscapeLeft UIInterfaceOrientationLandscapeRight";
				LD_RUNPATH_SEARCH_PATHS = (
					"$(inherited)",
					"@executable_path/Frameworks",
				);
				MARKETING_VERSION = 1.0;
				PRODUCT_BUNDLE_IDENTIFIER = "com.gmail.ikeh1024.Chapter3-10";
				PRODUCT_NAME = "$(TARGET_NAME)";
				SWIFT_EMIT_LOC_STRINGS = YES;
				SWIFT_VERSION = 5.0;
				TARGETED_DEVICE_FAMILY = "1,2";
			};
			name = Release;
		};
		DAB5551927A8CCB90002F471 /* Debug */ = {
			isa = XCBuildConfiguration;
			buildSettings = {
				ALWAYS_EMBED_SWIFT_STANDARD_LIBRARIES = YES;
				BUNDLE_LOADER = "$(TEST_HOST)";
				CODE_SIGN_STYLE = Automatic;
				CURRENT_PROJECT_VERSION = 1;
				DEVELOPMENT_TEAM = BWMJMJK727;
				GENERATE_INFOPLIST_FILE = YES;
				IPHONEOS_DEPLOYMENT_TARGET = 15.2;
				MARKETING_VERSION = 1.0;
				PRODUCT_BUNDLE_IDENTIFIER = "com.gmail.ikeh1024.Chapter3-10Tests";
				PRODUCT_NAME = "$(TARGET_NAME)";
				SWIFT_EMIT_LOC_STRINGS = NO;
				SWIFT_VERSION = 5.0;
				TARGETED_DEVICE_FAMILY = "1,2";
				TEST_HOST = "$(BUILT_PRODUCTS_DIR)/Chapter3_10.app/Chapter3_10";
			};
			name = Debug;
		};
		DAB5551A27A8CCB90002F471 /* Release */ = {
			isa = XCBuildConfiguration;
			buildSettings = {
				ALWAYS_EMBED_SWIFT_STANDARD_LIBRARIES = YES;
				BUNDLE_LOADER = "$(TEST_HOST)";
				CODE_SIGN_STYLE = Automatic;
				CURRENT_PROJECT_VERSION = 1;
				DEVELOPMENT_TEAM = BWMJMJK727;
				GENERATE_INFOPLIST_FILE = YES;
				IPHONEOS_DEPLOYMENT_TARGET = 15.2;
				MARKETING_VERSION = 1.0;
				PRODUCT_BUNDLE_IDENTIFIER = "com.gmail.ikeh1024.Chapter3-10Tests";
				PRODUCT_NAME = "$(TARGET_NAME)";
				SWIFT_EMIT_LOC_STRINGS = NO;
				SWIFT_VERSION = 5.0;
				TARGETED_DEVICE_FAMILY = "1,2";
				TEST_HOST = "$(BUILT_PRODUCTS_DIR)/Chapter3_10.app/Chapter3_10";
			};
			name = Release;
		};
		DAB5551C27A8CCB90002F471 /* Debug */ = {
			isa = XCBuildConfiguration;
			buildSettings = {
				ALWAYS_EMBED_SWIFT_STANDARD_LIBRARIES = YES;
				CODE_SIGN_STYLE = Automatic;
				CURRENT_PROJECT_VERSION = 1;
				DEVELOPMENT_TEAM = BWMJMJK727;
				GENERATE_INFOPLIST_FILE = YES;
				MARKETING_VERSION = 1.0;
				PRODUCT_BUNDLE_IDENTIFIER = "com.gmail.ikeh1024.Chapter3-10UITests";
				PRODUCT_NAME = "$(TARGET_NAME)";
				SWIFT_EMIT_LOC_STRINGS = NO;
				SWIFT_VERSION = 5.0;
				TARGETED_DEVICE_FAMILY = "1,2";
				TEST_TARGET_NAME = Chapter3_10;
			};
			name = Debug;
		};
		DAB5551D27A8CCB90002F471 /* Release */ = {
			isa = XCBuildConfiguration;
			buildSettings = {
				ALWAYS_EMBED_SWIFT_STANDARD_LIBRARIES = YES;
				CODE_SIGN_STYLE = Automatic;
				CURRENT_PROJECT_VERSION = 1;
				DEVELOPMENT_TEAM = BWMJMJK727;
				GENERATE_INFOPLIST_FILE = YES;
				MARKETING_VERSION = 1.0;
				PRODUCT_BUNDLE_IDENTIFIER = "com.gmail.ikeh1024.Chapter3-10UITests";
				PRODUCT_NAME = "$(TARGET_NAME)";
				SWIFT_EMIT_LOC_STRINGS = NO;
				SWIFT_VERSION = 5.0;
				TARGETED_DEVICE_FAMILY = "1,2";
				TEST_TARGET_NAME = Chapter3_10;
			};
			name = Release;
		};
/* End XCBuildConfiguration section */

/* Begin XCConfigurationList section */
		DAB554E627A8CCB80002F471 /* Build configuration list for PBXProject "Chapter3_10" */ = {
			isa = XCConfigurationList;
			buildConfigurations = (
				DAB5551327A8CCB90002F471 /* Debug */,
				DAB5551427A8CCB90002F471 /* Release */,
			);
			defaultConfigurationIsVisible = 0;
			defaultConfigurationName = Release;
		};
		DAB5551527A8CCB90002F471 /* Build configuration list for PBXNativeTarget "Chapter3_10" */ = {
			isa = XCConfigurationList;
			buildConfigurations = (
				DAB5551627A8CCB90002F471 /* Debug */,
				DAB5551727A8CCB90002F471 /* Release */,
			);
			defaultConfigurationIsVisible = 0;
			defaultConfigurationName = Release;
		};
		DAB5551827A8CCB90002F471 /* Build configuration list for PBXNativeTarget "Chapter3_10Tests" */ = {
			isa = XCConfigurationList;
			buildConfigurations = (
				DAB5551927A8CCB90002F471 /* Debug */,
				DAB5551A27A8CCB90002F471 /* Release */,
			);
			defaultConfigurationIsVisible = 0;
			defaultConfigurationName = Release;
		};
		DAB5551B27A8CCB90002F471 /* Build configuration list for PBXNativeTarget "Chapter3_10UITests" */ = {
			isa = XCConfigurationList;
			buildConfigurations = (
				DAB5551C27A8CCB90002F471 /* Debug */,
				DAB5551D27A8CCB90002F471 /* Release */,
			);
			defaultConfigurationIsVisible = 0;
			defaultConfigurationName = Release;
		};
/* End XCConfigurationList section */
	};
	rootObject = DAB554E327A8CCB80002F471 /* Project object */;
}
